
Microsoft Visual Studio Solution File, Format Version 12.00
# Visual Studio 15
VisualStudioVersion = 15.0.25807.0
MinimumVisualStudioVersion = 10.0.40219.1
Project("{2150E333-8FDC-42A3-9474-1A3956D46DE8}") = "Engine", "Engine", "{2BB21134-4689-4CBF-A5DC-251261481F9A}"
EndProject
Project("{2150E333-8FDC-42A3-9474-1A3956D46DE8}") = "Games", "Games", "{71853BC1-6CDB-4299-ACA6-2BF9126FE519}"
EndProject
Project("{8BC9CEB8-8B4A-11D0-8D11-00A0C91BC942}") = "UE4", "Intermediate\ProjectFiles\UE4.vcxproj", "{9ECF9B7F-474F-497C-9EB1-C63FE3EDDEAF}"
EndProject
Project("{8BC9CEB8-8B4A-11D0-8D11-00A0C91BC942}") = "BossMode", "Intermediate\ProjectFiles\BossMode.vcxproj", "{94980588-F136-47D5-9E3B-31B9037F9155}"
EndProject
Global
	GlobalSection(SolutionConfigurationPlatforms) = preSolution
		DebugGame Editor|HTML5 = DebugGame Editor|HTML5
		DebugGame Editor|Win32 = DebugGame Editor|Win32
		DebugGame Editor|Win64 = DebugGame Editor|Win64
		DebugGame|HTML5 = DebugGame|HTML5
		DebugGame|Win32 = DebugGame|Win32
		DebugGame|Win64 = DebugGame|Win64
		Development Editor|HTML5 = Development Editor|HTML5
		Development Editor|Win32 = Development Editor|Win32
		Development Editor|Win64 = Development Editor|Win64
		Development|HTML5 = Development|HTML5
		Development|Win32 = Development|Win32
		Development|Win64 = Development|Win64
		Shipping|HTML5 = Shipping|HTML5
		Shipping|Win32 = Shipping|Win32
		Shipping|Win64 = Shipping|Win64
	EndGlobalSection
	GlobalSection(ProjectConfigurationPlatforms) = postSolution
		{9ECF9B7F-474F-497C-9EB1-C63FE3EDDEAF}.DebugGame Editor|HTML5.ActiveCfg = BuiltWithUnrealBuildTool|Win32
		{9ECF9B7F-474F-497C-9EB1-C63FE3EDDEAF}.DebugGame Editor|HTML5.Build.0 = BuiltWithUnrealBuildTool|Win32
		{9ECF9B7F-474F-497C-9EB1-C63FE3EDDEAF}.DebugGame Editor|Win32.ActiveCfg = BuiltWithUnrealBuildTool|Win32
		{9ECF9B7F-474F-497C-9EB1-C63FE3EDDEAF}.DebugGame Editor|Win32.Build.0 = BuiltWithUnrealBuildTool|Win32
		{9ECF9B7F-474F-497C-9EB1-C63FE3EDDEAF}.DebugGame Editor|Win64.ActiveCfg = BuiltWithUnrealBuildTool|Win32
		{9ECF9B7F-474F-497C-9EB1-C63FE3EDDEAF}.DebugGame Editor|Win64.Build.0 = BuiltWithUnrealBuildTool|Win32
		{9ECF9B7F-474F-497C-9EB1-C63FE3EDDEAF}.DebugGame|HTML5.ActiveCfg = BuiltWithUnrealBuildTool|Win32
		{9ECF9B7F-474F-497C-9EB1-C63FE3EDDEAF}.DebugGame|HTML5.Build.0 = BuiltWithUnrealBuildTool|Win32
		{9ECF9B7F-474F-497C-9EB1-C63FE3EDDEAF}.DebugGame|Win32.ActiveCfg = BuiltWithUnrealBuildTool|Win32
		{9ECF9B7F-474F-497C-9EB1-C63FE3EDDEAF}.DebugGame|Win32.Build.0 = BuiltWithUnrealBuildTool|Win32
		{9ECF9B7F-474F-497C-9EB1-C63FE3EDDEAF}.DebugGame|Win64.ActiveCfg = BuiltWithUnrealBuildTool|Win32
		{9ECF9B7F-474F-497C-9EB1-C63FE3EDDEAF}.DebugGame|Win64.Build.0 = BuiltWithUnrealBuildTool|Win32
		{9ECF9B7F-474F-497C-9EB1-C63FE3EDDEAF}.Development Editor|HTML5.ActiveCfg = BuiltWithUnrealBuildTool|Win32
		{9ECF9B7F-474F-497C-9EB1-C63FE3EDDEAF}.Development Editor|HTML5.Build.0 = BuiltWithUnrealBuildTool|Win32
		{9ECF9B7F-474F-497C-9EB1-C63FE3EDDEAF}.Development Editor|Win32.ActiveCfg = BuiltWithUnrealBuildTool|Win32
		{9ECF9B7F-474F-497C-9EB1-C63FE3EDDEAF}.Development Editor|Win32.Build.0 = BuiltWithUnrealBuildTool|Win32
		{9ECF9B7F-474F-497C-9EB1-C63FE3EDDEAF}.Development Editor|Win64.ActiveCfg = BuiltWithUnrealBuildTool|Win32
		{9ECF9B7F-474F-497C-9EB1-C63FE3EDDEAF}.Development Editor|Win64.Build.0 = BuiltWithUnrealBuildTool|Win32
		{9ECF9B7F-474F-497C-9EB1-C63FE3EDDEAF}.Development|HTML5.ActiveCfg = BuiltWithUnrealBuildTool|Win32
		{9ECF9B7F-474F-497C-9EB1-C63FE3EDDEAF}.Development|HTML5.Build.0 = BuiltWithUnrealBuildTool|Win32
		{9ECF9B7F-474F-497C-9EB1-C63FE3EDDEAF}.Development|Win32.ActiveCfg = BuiltWithUnrealBuildTool|Win32
		{9ECF9B7F-474F-497C-9EB1-C63FE3EDDEAF}.Development|Win32.Build.0 = BuiltWithUnrealBuildTool|Win32
		{9ECF9B7F-474F-497C-9EB1-C63FE3EDDEAF}.Development|Win64.ActiveCfg = BuiltWithUnrealBuildTool|Win32
		{9ECF9B7F-474F-497C-9EB1-C63FE3EDDEAF}.Development|Win64.Build.0 = BuiltWithUnrealBuildTool|Win32
		{9ECF9B7F-474F-497C-9EB1-C63FE3EDDEAF}.Shipping|HTML5.ActiveCfg = BuiltWithUnrealBuildTool|Win32
		{9ECF9B7F-474F-497C-9EB1-C63FE3EDDEAF}.Shipping|HTML5.Build.0 = BuiltWithUnrealBuildTool|Win32
		{9ECF9B7F-474F-497C-9EB1-C63FE3EDDEAF}.Shipping|Win32.ActiveCfg = BuiltWithUnrealBuildTool|Win32
		{9ECF9B7F-474F-497C-9EB1-C63FE3EDDEAF}.Shipping|Win32.Build.0 = BuiltWithUnrealBuildTool|Win32
		{9ECF9B7F-474F-497C-9EB1-C63FE3EDDEAF}.Shipping|Win64.ActiveCfg = BuiltWithUnrealBuildTool|Win32
		{9ECF9B7F-474F-497C-9EB1-C63FE3EDDEAF}.Shipping|Win64.Build.0 = BuiltWithUnrealBuildTool|Win32
		{94980588-F136-47D5-9E3B-31B9037F9155}.DebugGame Editor|HTML5.ActiveCfg = HTML5_DebugGame_Editor|Win32
		{94980588-F136-47D5-9E3B-31B9037F9155}.DebugGame Editor|Win32.ActiveCfg = DebugGame_Editor|Win32
		{94980588-F136-47D5-9E3B-31B9037F9155}.DebugGame Editor|Win64.ActiveCfg = DebugGame_Editor|x64
		{94980588-F136-47D5-9E3B-31B9037F9155}.DebugGame Editor|Win64.Build.0 = DebugGame_Editor|x64
		{94980588-F136-47D5-9E3B-31B9037F9155}.DebugGame|HTML5.ActiveCfg = HTML5_DebugGame_Game|Win32
		{94980588-F136-47D5-9E3B-31B9037F9155}.DebugGame|HTML5.Build.0 = HTML5_DebugGame_Game|Win32
		{94980588-F136-47D5-9E3B-31B9037F9155}.DebugGame|Win32.ActiveCfg = DebugGame_Game|Win32
		{94980588-F136-47D5-9E3B-31B9037F9155}.DebugGame|Win32.Build.0 = DebugGame_Game|Win32
		{94980588-F136-47D5-9E3B-31B9037F9155}.DebugGame|Win64.ActiveCfg = DebugGame_Game|x64
		{94980588-F136-47D5-9E3B-31B9037F9155}.DebugGame|Win64.Build.0 = DebugGame_Game|x64
		{94980588-F136-47D5-9E3B-31B9037F9155}.Development Editor|HTML5.ActiveCfg = HTML5_Development_Editor|Win32
		{94980588-F136-47D5-9E3B-31B9037F9155}.Development Editor|Win32.ActiveCfg = Development_Editor|Win32
		{94980588-F136-47D5-9E3B-31B9037F9155}.Development Editor|Win64.ActiveCfg = Development_Editor|x64
		{94980588-F136-47D5-9E3B-31B9037F9155}.Development Editor|Win64.Build.0 = Development_Editor|x64
		{94980588-F136-47D5-9E3B-31B9037F9155}.Development|HTML5.ActiveCfg = HTML5_Development_Game|Win32
		{94980588-F136-47D5-9E3B-31B9037F9155}.Development|HTML5.Build.0 = HTML5_Development_Game|Win32
		{94980588-F136-47D5-9E3B-31B9037F9155}.Development|Win32.ActiveCfg = Development_Game|Win32
		{94980588-F136-47D5-9E3B-31B9037F9155}.Development|Win32.Build.0 = Development_Game|Win32
		{94980588-F136-47D5-9E3B-31B9037F9155}.Development|Win64.ActiveCfg = Development_Game|x64
		{94980588-F136-47D5-9E3B-31B9037F9155}.Development|Win64.Build.0 = Development_Game|x64
		{94980588-F136-47D5-9E3B-31B9037F9155}.Shipping|HTML5.ActiveCfg = HTML5_Shipping_Game|Win32
		{94980588-F136-47D5-9E3B-31B9037F9155}.Shipping|HTML5.Build.0 = HTML5_Shipping_Game|Win32
		{94980588-F136-47D5-9E3B-31B9037F9155}.Shipping|Win32.ActiveCfg = Shipping_Game|Win32
		{94980588-F136-47D5-9E3B-31B9037F9155}.Shipping|Win32.Build.0 = Shipping_Game|Win32
		{94980588-F136-47D5-9E3B-31B9037F9155}.Shipping|Win64.ActiveCfg = Shipping_Game|x64
		{94980588-F136-47D5-9E3B-31B9037F9155}.Shipping|Win64.Build.0 = Shipping_Game|x64
	EndGlobalSection
	GlobalSection(SolutionProperties) = preSolution
		HideSolutionNode = FALSE
	EndGlobalSection
	GlobalSection(NestedProjects) = preSolution
		{9ECF9B7F-474F-497C-9EB1-C63FE3EDDEAF} = {2BB21134-4689-4CBF-A5DC-251261481F9A}
		{94980588-F136-47D5-9E3B-31B9037F9155} = {71853BC1-6CDB-4299-ACA6-2BF9126FE519}
	EndGlobalSection
	GlobalSection(ExtensibilityGlobals) = postSolution
		SolutionGuid = {A5A0F349-FB5B-446D-964B-8D8BBE524CB2}
	EndGlobalSection
EndGlobal
